
Microsoft Visual Studio Solution File, Format Version 12.00
# Visual Studio Version 17
VisualStudioVersion = 17.0.31912.275
MinimumVisualStudioVersion = 10.0.40219.1
Project("{FAE04EC0-301F-11D3-BF4B-00C04F79EFBC}") = "GenericExercises", "GenericExercises\GenericExercises.csproj", "{99EEC015-7569-4F51-8782-D2BECD7FF1FE}"
EndProject
Project("{FAE04EC0-301F-11D3-BF4B-00C04F79EFBC}") = "GenericConstraints", "GenericConstraints\GenericConstraints.csproj", "{143550ED-5A01-45AD-8EBD-BD1757798691}"
EndProject
Project("{FAE04EC0-301F-11D3-BF4B-00C04F79EFBC}") = "Attributes", "Attributes\Attributes.csproj", "{C95FA964-895F-406E-8577-4F73EFC0717D}"
EndProject
Global
	GlobalSection(SolutionConfigurationPlatforms) = preSolution
		Debug|Any CPU = Debug|Any CPU
		Release|Any CPU = Release|Any CPU
	EndGlobalSection
	GlobalSection(ProjectConfigurationPlatforms) = postSolution
		{99EEC015-7569-4F51-8782-D2BECD7FF1FE}.Debug|Any CPU.ActiveCfg = Debug|Any CPU
		{99EEC015-7569-4F51-8782-D2BECD7FF1FE}.Debug|Any CPU.Build.0 = Debug|Any CPU
		{99EEC015-7569-4F51-8782-D2BECD7FF1FE}.Release|Any CPU.ActiveCfg = Release|Any CPU
		{99EEC015-7569-4F51-8782-D2BECD7FF1FE}.Release|Any CPU.Build.0 = Release|Any CPU
		{143550ED-5A01-45AD-8EBD-BD1757798691}.Debug|Any CPU.ActiveCfg = Debug|Any CPU
		{143550ED-5A01-45AD-8EBD-BD1757798691}.Debug|Any CPU.Build.0 = Debug|Any CPU
		{143550ED-5A01-45AD-8EBD-BD1757798691}.Release|Any CPU.ActiveCfg = Release|Any CPU
		{143550ED-5A01-45AD-8EBD-BD1757798691}.Release|Any CPU.Build.0 = Release|Any CPU
		{C95FA964-895F-406E-8577-4F73EFC0717D}.Debug|Any CPU.ActiveCfg = Debug|Any CPU
		{C95FA964-895F-406E-8577-4F73EFC0717D}.Debug|Any CPU.Build.0 = Debug|Any CPU
		{C95FA964-895F-406E-8577-4F73EFC0717D}.Release|Any CPU.ActiveCfg = Release|Any CPU
		{C95FA964-895F-406E-8577-4F73EFC0717D}.Release|Any CPU.Build.0 = Release|Any CPU
	EndGlobalSection
	GlobalSection(SolutionProperties) = preSolution
		HideSolutionNode = FALSE
	EndGlobalSection
	GlobalSection(ExtensibilityGlobals) = postSolution
		SolutionGuid = {4FE11613-0681-4914-A4E9-5550D1C244CE}
	EndGlobalSection
EndGlobal
