
Microsoft Visual Studio Solution File, Format Version 12.00
# Visual Studio Version 17
VisualStudioVersion = 17.0.31912.275
MinimumVisualStudioVersion = 10.0.40219.1
Project("{FAE04EC0-301F-11D3-BF4B-00C04F79EFBC}") = "AdoNetDemo", "AdoNetDemo\AdoNetDemo.csproj", "{BA6E45B7-D001-40E9-B623-E3C2B5F2035D}"
EndProject
Global
	GlobalSection(SolutionConfigurationPlatforms) = preSolution
		Debug|Any CPU = Debug|Any CPU
		Release|Any CPU = Release|Any CPU
	EndGlobalSection
	GlobalSection(ProjectConfigurationPlatforms) = postSolution
		{BA6E45B7-D001-40E9-B623-E3C2B5F2035D}.Debug|Any CPU.ActiveCfg = Debug|Any CPU
		{BA6E45B7-D001-40E9-B623-E3C2B5F2035D}.Debug|Any CPU.Build.0 = Debug|Any CPU
		{BA6E45B7-D001-40E9-B623-E3C2B5F2035D}.Release|Any CPU.ActiveCfg = Release|Any CPU
		{BA6E45B7-D001-40E9-B623-E3C2B5F2035D}.Release|Any CPU.Build.0 = Release|Any CPU
	EndGlobalSection
	GlobalSection(SolutionProperties) = preSolution
		HideSolutionNode = FALSE
	EndGlobalSection
	GlobalSection(ExtensibilityGlobals) = postSolution
		SolutionGuid = {77433A43-A043-4FC2-8291-BC1C17214E94}
	EndGlobalSection
EndGlobal
