
Microsoft Visual Studio Solution File, Format Version 12.00
# Visual Studio Version 17
VisualStudioVersion = 17.0.31912.275
MinimumVisualStudioVersion = 10.0.40219.1
Project("{FAE04EC0-301F-11D3-BF4B-00C04F79EFBC}") = "Northwind.Entities", "Northwind.Entities\Northwind.Entities.csproj", "{2DE18485-908D-4EF9-96CE-264DE1CDC446}"
EndProject
Project("{FAE04EC0-301F-11D3-BF4B-00C04F79EFBC}") = "Northwind.DataAccess", "Northwind.DataAccess\Northwind.DataAccess.csproj", "{36A00C1C-E9B9-4BDF-B463-07168F181558}"
EndProject
Project("{FAE04EC0-301F-11D3-BF4B-00C04F79EFBC}") = "Northwind.Business", "Northwind.Business\Northwind.Business.csproj", "{C9C872BA-4C4A-4C02-BF6B-69F689812520}"
EndProject
Project("{FAE04EC0-301F-11D3-BF4B-00C04F79EFBC}") = "Northwind.WebFormsUI", "Northwind.WebFormsUI\Northwind.WebFormsUI.csproj", "{5E4EF68F-FB67-4E26-9F12-9B130A2D242D}"
EndProject
Global
	GlobalSection(SolutionConfigurationPlatforms) = preSolution
		Debug|Any CPU = Debug|Any CPU
		Release|Any CPU = Release|Any CPU
	EndGlobalSection
	GlobalSection(ProjectConfigurationPlatforms) = postSolution
		{2DE18485-908D-4EF9-96CE-264DE1CDC446}.Debug|Any CPU.ActiveCfg = Debug|Any CPU
		{2DE18485-908D-4EF9-96CE-264DE1CDC446}.Debug|Any CPU.Build.0 = Debug|Any CPU
		{2DE18485-908D-4EF9-96CE-264DE1CDC446}.Release|Any CPU.ActiveCfg = Release|Any CPU
		{2DE18485-908D-4EF9-96CE-264DE1CDC446}.Release|Any CPU.Build.0 = Release|Any CPU
		{36A00C1C-E9B9-4BDF-B463-07168F181558}.Debug|Any CPU.ActiveCfg = Debug|Any CPU
		{36A00C1C-E9B9-4BDF-B463-07168F181558}.Debug|Any CPU.Build.0 = Debug|Any CPU
		{36A00C1C-E9B9-4BDF-B463-07168F181558}.Release|Any CPU.ActiveCfg = Release|Any CPU
		{36A00C1C-E9B9-4BDF-B463-07168F181558}.Release|Any CPU.Build.0 = Release|Any CPU
		{C9C872BA-4C4A-4C02-BF6B-69F689812520}.Debug|Any CPU.ActiveCfg = Debug|Any CPU
		{C9C872BA-4C4A-4C02-BF6B-69F689812520}.Debug|Any CPU.Build.0 = Debug|Any CPU
		{C9C872BA-4C4A-4C02-BF6B-69F689812520}.Release|Any CPU.ActiveCfg = Release|Any CPU
		{C9C872BA-4C4A-4C02-BF6B-69F689812520}.Release|Any CPU.Build.0 = Release|Any CPU
		{5E4EF68F-FB67-4E26-9F12-9B130A2D242D}.Debug|Any CPU.ActiveCfg = Debug|Any CPU
		{5E4EF68F-FB67-4E26-9F12-9B130A2D242D}.Debug|Any CPU.Build.0 = Debug|Any CPU
		{5E4EF68F-FB67-4E26-9F12-9B130A2D242D}.Release|Any CPU.ActiveCfg = Release|Any CPU
		{5E4EF68F-FB67-4E26-9F12-9B130A2D242D}.Release|Any CPU.Build.0 = Release|Any CPU
	EndGlobalSection
	GlobalSection(SolutionProperties) = preSolution
		HideSolutionNode = FALSE
	EndGlobalSection
	GlobalSection(ExtensibilityGlobals) = postSolution
		SolutionGuid = {1B8463EA-560C-430F-981C-EC90637DDFD1}
	EndGlobalSection
EndGlobal
