
Microsoft Visual Studio Solution File, Format Version 12.00
# Visual Studio Version 17
VisualStudioVersion = 17.0.31912.275
MinimumVisualStudioVersion = 10.0.40219.1
Project("{FAE04EC0-301F-11D3-BF4B-00C04F79EFBC}") = "Singleton", "Singleton\Singleton.csproj", "{B30E10F0-9ADC-40AD-90BD-33938623C542}"
EndProject
Project("{FAE04EC0-301F-11D3-BF4B-00C04F79EFBC}") = "FactoryMethod", "FactoryMethod\FactoryMethod.csproj", "{DD9F4ECC-71D9-4C82-A69E-848E009AF719}"
EndProject
Project("{FAE04EC0-301F-11D3-BF4B-00C04F79EFBC}") = "AbstractFactory", "AbstractFactory\AbstractFactory.csproj", "{D56A400D-1465-4BF9-B15A-4D85D0FD0AD2}"
EndProject
Project("{FAE04EC0-301F-11D3-BF4B-00C04F79EFBC}") = "Prototype", "Prototype\Prototype.csproj", "{3F59736E-F4E4-4445-883E-7CC3E68DA968}"
EndProject
Project("{FAE04EC0-301F-11D3-BF4B-00C04F79EFBC}") = "Builder", "Builder\Builder.csproj", "{4F430DCB-5061-423D-8A1F-48EDAFA618FB}"
EndProject
Project("{FAE04EC0-301F-11D3-BF4B-00C04F79EFBC}") = "Composite", "Composite\Composite.csproj", "{5034A1B5-0C4A-4D92-9903-9FEBA00F3AF8}"
EndProject
Global
	GlobalSection(SolutionConfigurationPlatforms) = preSolution
		Debug|Any CPU = Debug|Any CPU
		Release|Any CPU = Release|Any CPU
	EndGlobalSection
	GlobalSection(ProjectConfigurationPlatforms) = postSolution
		{B30E10F0-9ADC-40AD-90BD-33938623C542}.Debug|Any CPU.ActiveCfg = Debug|Any CPU
		{B30E10F0-9ADC-40AD-90BD-33938623C542}.Debug|Any CPU.Build.0 = Debug|Any CPU
		{B30E10F0-9ADC-40AD-90BD-33938623C542}.Release|Any CPU.ActiveCfg = Release|Any CPU
		{B30E10F0-9ADC-40AD-90BD-33938623C542}.Release|Any CPU.Build.0 = Release|Any CPU
		{DD9F4ECC-71D9-4C82-A69E-848E009AF719}.Debug|Any CPU.ActiveCfg = Debug|Any CPU
		{DD9F4ECC-71D9-4C82-A69E-848E009AF719}.Debug|Any CPU.Build.0 = Debug|Any CPU
		{DD9F4ECC-71D9-4C82-A69E-848E009AF719}.Release|Any CPU.ActiveCfg = Release|Any CPU
		{DD9F4ECC-71D9-4C82-A69E-848E009AF719}.Release|Any CPU.Build.0 = Release|Any CPU
		{D56A400D-1465-4BF9-B15A-4D85D0FD0AD2}.Debug|Any CPU.ActiveCfg = Debug|Any CPU
		{D56A400D-1465-4BF9-B15A-4D85D0FD0AD2}.Debug|Any CPU.Build.0 = Debug|Any CPU
		{D56A400D-1465-4BF9-B15A-4D85D0FD0AD2}.Release|Any CPU.ActiveCfg = Release|Any CPU
		{D56A400D-1465-4BF9-B15A-4D85D0FD0AD2}.Release|Any CPU.Build.0 = Release|Any CPU
		{3F59736E-F4E4-4445-883E-7CC3E68DA968}.Debug|Any CPU.ActiveCfg = Debug|Any CPU
		{3F59736E-F4E4-4445-883E-7CC3E68DA968}.Debug|Any CPU.Build.0 = Debug|Any CPU
		{3F59736E-F4E4-4445-883E-7CC3E68DA968}.Release|Any CPU.ActiveCfg = Release|Any CPU
		{3F59736E-F4E4-4445-883E-7CC3E68DA968}.Release|Any CPU.Build.0 = Release|Any CPU
		{4F430DCB-5061-423D-8A1F-48EDAFA618FB}.Debug|Any CPU.ActiveCfg = Debug|Any CPU
		{4F430DCB-5061-423D-8A1F-48EDAFA618FB}.Debug|Any CPU.Build.0 = Debug|Any CPU
		{4F430DCB-5061-423D-8A1F-48EDAFA618FB}.Release|Any CPU.ActiveCfg = Release|Any CPU
		{4F430DCB-5061-423D-8A1F-48EDAFA618FB}.Release|Any CPU.Build.0 = Release|Any CPU
		{5034A1B5-0C4A-4D92-9903-9FEBA00F3AF8}.Debug|Any CPU.ActiveCfg = Debug|Any CPU
		{5034A1B5-0C4A-4D92-9903-9FEBA00F3AF8}.Debug|Any CPU.Build.0 = Debug|Any CPU
		{5034A1B5-0C4A-4D92-9903-9FEBA00F3AF8}.Release|Any CPU.ActiveCfg = Release|Any CPU
		{5034A1B5-0C4A-4D92-9903-9FEBA00F3AF8}.Release|Any CPU.Build.0 = Release|Any CPU
	EndGlobalSection
	GlobalSection(SolutionProperties) = preSolution
		HideSolutionNode = FALSE
	EndGlobalSection
	GlobalSection(ExtensibilityGlobals) = postSolution
		SolutionGuid = {0AB9926F-A47B-4FD3-BC1A-F22CBE09B794}
	EndGlobalSection
EndGlobal
